
Microsoft Visual Studio Solution File, Format Version 12.00
# Visual Studio Version 17
VisualStudioVersion = 17.5.002.0
MinimumVisualStudioVersion = 10.0.40219.1
Project("{9A19103F-16F7-4668-BE54-9A1E7A4F7556}") = "UserService", "UserService\UserService.csproj", "{58FB33B7-6715-4846-AA4F-D0D78ED9E5B6}"
EndProject
Project("{9A19103F-16F7-4668-BE54-9A1E7A4F7556}") = "PostService", "PostService\PostService.csproj", "{8B40050D-C413-4EBF-83EA-CF27F5CD0D12}"
EndProject
Project("{9A19103F-16F7-4668-BE54-9A1E7A4F7556}") = "ApiGateway", "ApiGateway\ApiGateway.csproj", "{348C8FD7-6925-4374-B59C-AE563E58E7EF}"
EndProject
Project("{FAE04EC0-301F-11D3-BF4B-00C04F79EFBC}") = "AggregatorService", "AggregatorService\AggregatorService.csproj", "{7A673AAA-AAEE-4903-BB37-6B6FA452C27C}"
EndProject
Project("{FAE04EC0-301F-11D3-BF4B-00C04F79EFBC}") = "AuthenticationService", "AuthenticationService\AuthenticationService.csproj", "{2C1EB4C5-D6D1-42C2-8E62-AF05EAD965EA}"
EndProject
Global
	GlobalSection(SolutionConfigurationPlatforms) = preSolution
		Debug|Any CPU = Debug|Any CPU
		Release|Any CPU = Release|Any CPU
	EndGlobalSection
	GlobalSection(ProjectConfigurationPlatforms) = postSolution
		{58FB33B7-6715-4846-AA4F-D0D78ED9E5B6}.Debug|Any CPU.ActiveCfg = Debug|Any CPU
		{58FB33B7-6715-4846-AA4F-D0D78ED9E5B6}.Debug|Any CPU.Build.0 = Debug|Any CPU
		{58FB33B7-6715-4846-AA4F-D0D78ED9E5B6}.Release|Any CPU.ActiveCfg = Release|Any CPU
		{58FB33B7-6715-4846-AA4F-D0D78ED9E5B6}.Release|Any CPU.Build.0 = Release|Any CPU
		{8B40050D-C413-4EBF-83EA-CF27F5CD0D12}.Debug|Any CPU.ActiveCfg = Debug|Any CPU
		{8B40050D-C413-4EBF-83EA-CF27F5CD0D12}.Debug|Any CPU.Build.0 = Debug|Any CPU
		{8B40050D-C413-4EBF-83EA-CF27F5CD0D12}.Release|Any CPU.ActiveCfg = Release|Any CPU
		{8B40050D-C413-4EBF-83EA-CF27F5CD0D12}.Release|Any CPU.Build.0 = Release|Any CPU
		{348C8FD7-6925-4374-B59C-AE563E58E7EF}.Debug|Any CPU.ActiveCfg = Debug|Any CPU
		{348C8FD7-6925-4374-B59C-AE563E58E7EF}.Debug|Any CPU.Build.0 = Debug|Any CPU
		{348C8FD7-6925-4374-B59C-AE563E58E7EF}.Release|Any CPU.ActiveCfg = Release|Any CPU
		{348C8FD7-6925-4374-B59C-AE563E58E7EF}.Release|Any CPU.Build.0 = Release|Any CPU
		{7A673AAA-AAEE-4903-BB37-6B6FA452C27C}.Debug|Any CPU.ActiveCfg = Debug|Any CPU
		{7A673AAA-AAEE-4903-BB37-6B6FA452C27C}.Debug|Any CPU.Build.0 = Debug|Any CPU
		{7A673AAA-AAEE-4903-BB37-6B6FA452C27C}.Release|Any CPU.ActiveCfg = Release|Any CPU
		{7A673AAA-AAEE-4903-BB37-6B6FA452C27C}.Release|Any CPU.Build.0 = Release|Any CPU
		{2C1EB4C5-D6D1-42C2-8E62-AF05EAD965EA}.Debug|Any CPU.ActiveCfg = Debug|Any CPU
		{2C1EB4C5-D6D1-42C2-8E62-AF05EAD965EA}.Debug|Any CPU.Build.0 = Debug|Any CPU
		{2C1EB4C5-D6D1-42C2-8E62-AF05EAD965EA}.Release|Any CPU.ActiveCfg = Release|Any CPU
		{2C1EB4C5-D6D1-42C2-8E62-AF05EAD965EA}.Release|Any CPU.Build.0 = Release|Any CPU
	EndGlobalSection
	GlobalSection(SolutionProperties) = preSolution
		HideSolutionNode = FALSE
	EndGlobalSection
	GlobalSection(ExtensibilityGlobals) = postSolution
		SolutionGuid = {676FB4BD-E7F8-4113-B148-1F7B5605C64E}
	EndGlobalSection
EndGlobal
